{
  "name": "pro4",
  "lockfileVersion": 2,
  "requires": true,
  "packages": {
    "": {
      "dependencies": {
        "@fullcalendar/core": "^6.1.8"
      }
    },
    "node_modules/@fullcalendar/core": {
      "version": "6.1.8",
      "resolved": "https://registry.npmjs.org/@fullcalendar/core/-/core-6.1.8.tgz",
      "integrity": "sha512-i8JBIvZCWGO9dsMEDcx9bnsQZ9PtGSJdOXGgWbhLaGq2iq41OBdp9g9gM4b/Otv2oK8bL5Gl6CsMmb/HkDtA6Q==",
      "dependencies": {
        "preact": "~10.12.1"
      }
    },
    "node_modules/preact": {
      "version": "10.12.1",
      "resolved": "https://registry.npmjs.org/preact/-/preact-10.12.1.tgz",
      "integrity": "sha512-l8386ixSsBdbreOAkqtrwqHwdvR35ID8c3rKPa8lCWuO86dBi32QWHV4vfsZK1utLLFMvw+Z5Ad4XLkZzchscg==",
      "funding": {
        "type": "opencollective",
        "url": "https://opencollective.com/preact"
      }
    }
  },
  "dependencies": {
    "@fullcalendar/core": {
      "version": "6.1.8",
      "resolved": "https://registry.npmjs.org/@fullcalendar/core/-/core-6.1.8.tgz",
      "integrity": "sha512-i8JBIvZCWGO9dsMEDcx9bnsQZ9PtGSJdOXGgWbhLaGq2iq41OBdp9g9gM4b/Otv2oK8bL5Gl6CsMmb/HkDtA6Q==",
      "requires": {
        "preact": "~10.12.1"
      }
    },
    "preact": {
      "version": "10.12.1",
      "resolved": "https://registry.npmjs.org/preact/-/preact-10.12.1.tgz",
      "integrity": "sha512-l8386ixSsBdbreOAkqtrwqHwdvR35ID8c3rKPa8lCWuO86dBi32QWHV4vfsZK1utLLFMvw+Z5Ad4XLkZzchscg=="
    }
  }
}
